
Microsoft Visual Studio Solution File, Format Version 12.00
Project("{FAE04EC0-301F-11D3-BF4B-00C04F79EFBC}") = "ChessApi", "ChessApi\ChessApi.csproj", "{C833F700-67AA-4F96-8F5C-B04059AB2324}"
EndProject
Global
	GlobalSection(SolutionConfigurationPlatforms) = preSolution
		Debug|Any CPU = Debug|Any CPU
		Release|Any CPU = Release|Any CPU
	EndGlobalSection
	GlobalSection(ProjectConfigurationPlatforms) = postSolution
		{C833F700-67AA-4F96-8F5C-B04059AB2324}.Debug|Any CPU.ActiveCfg = Debug|Any CPU
		{C833F700-67AA-4F96-8F5C-B04059AB2324}.Debug|Any CPU.Build.0 = Debug|Any CPU
		{C833F700-67AA-4F96-8F5C-B04059AB2324}.Release|Any CPU.ActiveCfg = Release|Any CPU
		{C833F700-67AA-4F96-8F5C-B04059AB2324}.Release|Any CPU.Build.0 = Release|Any CPU
	EndGlobalSection
EndGlobal
